
Microsoft Visual Studio Solution File, Format Version 12.00
# Visual Studio Version 16
VisualStudioVersion = 16.0.31727.386
MinimumVisualStudioVersion = 10.0.40219.1
Project("{2150E333-8FDC-42A3-9474-1A3956D46DE8}") = "src", "src", "{11891025-7D3B-48DA-90E2-3A37C3B170BA}"
EndProject
Project("{2150E333-8FDC-42A3-9474-1A3956D46DE8}") = "Solution Items", "Solution Items", "{FCA6E345-08F8-47A7-868C-F7A9D6683836}"
	ProjectSection(SolutionItems) = preProject
		ServiceUrls.txt = ServiceUrls.txt
	EndProjectSection
EndProject
Project("{2150E333-8FDC-42A3-9474-1A3956D46DE8}") = "ApiGateways", "ApiGateways", "{D324CF19-A3CB-446A-B1E5-BCFC7E51CE9B}"
EndProject
Project("{2150E333-8FDC-42A3-9474-1A3956D46DE8}") = "BuildingBlocks", "BuildingBlocks", "{CB1C085A-85FE-4C93-88FF-0C4CBD5CEFED}"
EndProject
Project("{2150E333-8FDC-42A3-9474-1A3956D46DE8}") = "Services", "Services", "{39326BC8-3667-4449-92AA-E0982FEF3E78}"
EndProject
Project("{2150E333-8FDC-42A3-9474-1A3956D46DE8}") = "Clients", "Clients", "{DF274415-BE2E-4665-83D9-B6F975C8E45A}"
EndProject
Project("{2150E333-8FDC-42A3-9474-1A3956D46DE8}") = "WebApiGateways", "WebApiGateways", "{568CF636-40B8-48F1-BCC5-856829557A5C}"
EndProject
Project("{9A19103F-16F7-4668-BE54-9A1E7A4F7556}") = "Web.ApiGateway", "src\ApiGateways\WebApiGateways\Web.ApiGateway\Web.ApiGateway.csproj", "{87A9A8F0-CBB9-479D-894F-B9B94D6ED503}"
EndProject
Project("{2150E333-8FDC-42A3-9474-1A3956D46DE8}") = "EventBus", "EventBus", "{78937F1C-0EDC-42DE-AE00-0C9B66E9C8BF}"
EndProject
Project("{9A19103F-16F7-4668-BE54-9A1E7A4F7556}") = "EventBus.Base", "src\BuildingBlocks\EventBus\EventBusBase\EventBus.Base.csproj", "{196990AF-1B1D-4299-8459-F384C10DDC23}"
EndProject
Project("{9A19103F-16F7-4668-BE54-9A1E7A4F7556}") = "EventBus.Factory", "src\BuildingBlocks\EventBus\EventBus.Factory\EventBus.Factory.csproj", "{9221253C-2984-44D2-B3AF-DBAFBC77EFB0}"
EndProject
Project("{9A19103F-16F7-4668-BE54-9A1E7A4F7556}") = "EventBus.AzureServiceBus", "src\BuildingBlocks\EventBus\EventBus.AzureServiceBus\EventBus.AzureServiceBus.csproj", "{A2825A0F-D94C-41DE-8BFD-55618AD98EA0}"
EndProject
Project("{9A19103F-16F7-4668-BE54-9A1E7A4F7556}") = "EventBus.RabbitMQ", "src\BuildingBlocks\EventBus\EventBus.RabbitMQ\EventBus.RabbitMQ.csproj", "{C0EFE6A6-FD1E-435C-9941-0C87B34837D7}"
EndProject
Project("{2150E333-8FDC-42A3-9474-1A3956D46DE8}") = "Blazor.WebApp", "Blazor.WebApp", "{EB48ADB0-A46D-40AC-9DB0-BAAE6A3D6B61}"
EndProject
Project("{9A19103F-16F7-4668-BE54-9A1E7A4F7556}") = "WebApp", "src\Clients\Blazor.WebApp\WebApp\WebApp.csproj", "{8862E83C-D23C-4FC8-8656-F02F671987B2}"
EndProject
Project("{2150E333-8FDC-42A3-9474-1A3956D46DE8}") = "BasketService", "BasketService", "{B99A65DE-822E-4DAB-983A-38FB981AD3BC}"
EndProject
Project("{9A19103F-16F7-4668-BE54-9A1E7A4F7556}") = "BasketService.API", "src\Services\BasketService\BasketService.API\BasketService.API.csproj", "{9A44A1A3-A475-4294-81B6-A003B8E5911B}"
EndProject
Project("{2150E333-8FDC-42A3-9474-1A3956D46DE8}") = "CatalogService", "CatalogService", "{44467001-2CA6-4DAB-88F8-DA5F066E8CE0}"
EndProject
Project("{9A19103F-16F7-4668-BE54-9A1E7A4F7556}") = "CatalogService.API", "src\Services\CatalogService\CatalogService.API\CatalogService.API.csproj", "{2A651A68-91C9-4E09-85C3-1B25D7AFFE4D}"
EndProject
Project("{2150E333-8FDC-42A3-9474-1A3956D46DE8}") = "IdentityService", "IdentityService", "{EFAED9FC-81E2-40A6-BC83-EFD9893FD07B}"
EndProject
Project("{9A19103F-16F7-4668-BE54-9A1E7A4F7556}") = "IdentityService.API", "src\Services\IdentityService\IdentityService.API\IdentityService.API.csproj", "{0421A660-65E1-4BF5-AE6C-20841D013A5D}"
EndProject
Project("{2150E333-8FDC-42A3-9474-1A3956D46DE8}") = "NotificationService", "NotificationService", "{5C153B21-F51D-487F-95FC-C18DC50CC426}"
EndProject
Project("{9A19103F-16F7-4668-BE54-9A1E7A4F7556}") = "NotificationService", "src\Services\NotificationService\NotificationService\NotificationService.csproj", "{8747767F-E629-4831-B1E9-515071F40BE0}"
EndProject
Project("{2150E333-8FDC-42A3-9474-1A3956D46DE8}") = "OrderService", "OrderService", "{4DF7D4B3-AA60-4C85-AFF6-F4BDBCDD489D}"
EndProject
Project("{9A19103F-16F7-4668-BE54-9A1E7A4F7556}") = "OrderService.Domain", "src\Services\OrderService\OrderService.Domain\OrderService.Domain.csproj", "{E4913554-57AD-4328-990F-79CEF8AEC8A5}"
EndProject
Project("{9A19103F-16F7-4668-BE54-9A1E7A4F7556}") = "OrderService.Application", "src\Services\OrderService\OrderService.Application\OrderService.Application.csproj", "{5A505C58-8868-4E6C-8416-F75AC163FCA1}"
EndProject
Project("{9A19103F-16F7-4668-BE54-9A1E7A4F7556}") = "OrderService.Infrastructure", "src\Services\OrderService\OrderService.Infrastructure\OrderService.Infrastructure.csproj", "{03770BD1-4BD7-42B3-80ED-D50F617D1879}"
EndProject
Project("{9A19103F-16F7-4668-BE54-9A1E7A4F7556}") = "OrderService.API", "src\Services\OrderService\OrderService.API\OrderService.API.csproj", "{77F94BF6-4A6F-4A5C-956E-1EA46F90B2D8}"
EndProject
Project("{2150E333-8FDC-42A3-9474-1A3956D46DE8}") = "PaymentService", "PaymentService", "{AB3DC6AB-D5FE-4641-8932-E62DFA7F253B}"
EndProject
Project("{9A19103F-16F7-4668-BE54-9A1E7A4F7556}") = "PaymentService.API", "src\Services\PaymentService\PaymentService.API\PaymentService.API.csproj", "{4E8610F8-731F-468D-9B29-845F5221E6F5}"
EndProject
Project("{2150E333-8FDC-42A3-9474-1A3956D46DE8}") = "tests", "tests", "{EEF2CBED-35B8-45D0-A024-70A6727E20C6}"
EndProject
Project("{2150E333-8FDC-42A3-9474-1A3956D46DE8}") = "BuildingBlocks", "BuildingBlocks", "{E2038214-C594-4D07-9C86-23DC432F5C7C}"
EndProject
Project("{9A19103F-16F7-4668-BE54-9A1E7A4F7556}") = "EventBus.UnitTest", "tests\BuildingBlocks\EventBus.UnitTest\EventBus.UnitTest\EventBus.UnitTest\EventBus.UnitTest.csproj", "{31DF09C0-340C-45FB-92EC-A7442D57E358}"
EndProject
Project("{E53339B2-1760-4266-BCC7-CA923CBCF16C}") = "docker-compose", "docker-compose.dcproj", "{3D982F7A-B937-430B-A8C0-352139057A58}"
EndProject
Global
	GlobalSection(SolutionConfigurationPlatforms) = preSolution
		Debug|Any CPU = Debug|Any CPU
		Release|Any CPU = Release|Any CPU
	EndGlobalSection
	GlobalSection(ProjectConfigurationPlatforms) = postSolution
		{87A9A8F0-CBB9-479D-894F-B9B94D6ED503}.Debug|Any CPU.ActiveCfg = Debug|Any CPU
		{87A9A8F0-CBB9-479D-894F-B9B94D6ED503}.Debug|Any CPU.Build.0 = Debug|Any CPU
		{87A9A8F0-CBB9-479D-894F-B9B94D6ED503}.Release|Any CPU.ActiveCfg = Release|Any CPU
		{87A9A8F0-CBB9-479D-894F-B9B94D6ED503}.Release|Any CPU.Build.0 = Release|Any CPU
		{196990AF-1B1D-4299-8459-F384C10DDC23}.Debug|Any CPU.ActiveCfg = Debug|Any CPU
		{196990AF-1B1D-4299-8459-F384C10DDC23}.Debug|Any CPU.Build.0 = Debug|Any CPU
		{196990AF-1B1D-4299-8459-F384C10DDC23}.Release|Any CPU.ActiveCfg = Release|Any CPU
		{196990AF-1B1D-4299-8459-F384C10DDC23}.Release|Any CPU.Build.0 = Release|Any CPU
		{9221253C-2984-44D2-B3AF-DBAFBC77EFB0}.Debug|Any CPU.ActiveCfg = Debug|Any CPU
		{9221253C-2984-44D2-B3AF-DBAFBC77EFB0}.Debug|Any CPU.Build.0 = Debug|Any CPU
		{9221253C-2984-44D2-B3AF-DBAFBC77EFB0}.Release|Any CPU.ActiveCfg = Release|Any CPU
		{9221253C-2984-44D2-B3AF-DBAFBC77EFB0}.Release|Any CPU.Build.0 = Release|Any CPU
		{A2825A0F-D94C-41DE-8BFD-55618AD98EA0}.Debug|Any CPU.ActiveCfg = Debug|Any CPU
		{A2825A0F-D94C-41DE-8BFD-55618AD98EA0}.Debug|Any CPU.Build.0 = Debug|Any CPU
		{A2825A0F-D94C-41DE-8BFD-55618AD98EA0}.Release|Any CPU.ActiveCfg = Release|Any CPU
		{A2825A0F-D94C-41DE-8BFD-55618AD98EA0}.Release|Any CPU.Build.0 = Release|Any CPU
		{C0EFE6A6-FD1E-435C-9941-0C87B34837D7}.Debug|Any CPU.ActiveCfg = Debug|Any CPU
		{C0EFE6A6-FD1E-435C-9941-0C87B34837D7}.Debug|Any CPU.Build.0 = Debug|Any CPU
		{C0EFE6A6-FD1E-435C-9941-0C87B34837D7}.Release|Any CPU.ActiveCfg = Release|Any CPU
		{C0EFE6A6-FD1E-435C-9941-0C87B34837D7}.Release|Any CPU.Build.0 = Release|Any CPU
		{8862E83C-D23C-4FC8-8656-F02F671987B2}.Debug|Any CPU.ActiveCfg = Debug|Any CPU
		{8862E83C-D23C-4FC8-8656-F02F671987B2}.Debug|Any CPU.Build.0 = Debug|Any CPU
		{8862E83C-D23C-4FC8-8656-F02F671987B2}.Release|Any CPU.ActiveCfg = Release|Any CPU
		{8862E83C-D23C-4FC8-8656-F02F671987B2}.Release|Any CPU.Build.0 = Release|Any CPU
		{9A44A1A3-A475-4294-81B6-A003B8E5911B}.Debug|Any CPU.ActiveCfg = Debug|Any CPU
		{9A44A1A3-A475-4294-81B6-A003B8E5911B}.Debug|Any CPU.Build.0 = Debug|Any CPU
		{9A44A1A3-A475-4294-81B6-A003B8E5911B}.Release|Any CPU.ActiveCfg = Release|Any CPU
		{9A44A1A3-A475-4294-81B6-A003B8E5911B}.Release|Any CPU.Build.0 = Release|Any CPU
		{2A651A68-91C9-4E09-85C3-1B25D7AFFE4D}.Debug|Any CPU.ActiveCfg = Debug|Any CPU
		{2A651A68-91C9-4E09-85C3-1B25D7AFFE4D}.Debug|Any CPU.Build.0 = Debug|Any CPU
		{2A651A68-91C9-4E09-85C3-1B25D7AFFE4D}.Release|Any CPU.ActiveCfg = Release|Any CPU
		{2A651A68-91C9-4E09-85C3-1B25D7AFFE4D}.Release|Any CPU.Build.0 = Release|Any CPU
		{0421A660-65E1-4BF5-AE6C-20841D013A5D}.Debug|Any CPU.ActiveCfg = Debug|Any CPU
		{0421A660-65E1-4BF5-AE6C-20841D013A5D}.Debug|Any CPU.Build.0 = Debug|Any CPU
		{0421A660-65E1-4BF5-AE6C-20841D013A5D}.Release|Any CPU.ActiveCfg = Release|Any CPU
		{0421A660-65E1-4BF5-AE6C-20841D013A5D}.Release|Any CPU.Build.0 = Release|Any CPU
		{8747767F-E629-4831-B1E9-515071F40BE0}.Debug|Any CPU.ActiveCfg = Debug|Any CPU
		{8747767F-E629-4831-B1E9-515071F40BE0}.Debug|Any CPU.Build.0 = Debug|Any CPU
		{8747767F-E629-4831-B1E9-515071F40BE0}.Release|Any CPU.ActiveCfg = Release|Any CPU
		{8747767F-E629-4831-B1E9-515071F40BE0}.Release|Any CPU.Build.0 = Release|Any CPU
		{E4913554-57AD-4328-990F-79CEF8AEC8A5}.Debug|Any CPU.ActiveCfg = Debug|Any CPU
		{E4913554-57AD-4328-990F-79CEF8AEC8A5}.Debug|Any CPU.Build.0 = Debug|Any CPU
		{E4913554-57AD-4328-990F-79CEF8AEC8A5}.Release|Any CPU.ActiveCfg = Release|Any CPU
		{E4913554-57AD-4328-990F-79CEF8AEC8A5}.Release|Any CPU.Build.0 = Release|Any CPU
		{5A505C58-8868-4E6C-8416-F75AC163FCA1}.Debug|Any CPU.ActiveCfg = Debug|Any CPU
		{5A505C58-8868-4E6C-8416-F75AC163FCA1}.Debug|Any CPU.Build.0 = Debug|Any CPU
		{5A505C58-8868-4E6C-8416-F75AC163FCA1}.Release|Any CPU.ActiveCfg = Release|Any CPU
		{5A505C58-8868-4E6C-8416-F75AC163FCA1}.Release|Any CPU.Build.0 = Release|Any CPU
		{03770BD1-4BD7-42B3-80ED-D50F617D1879}.Debug|Any CPU.ActiveCfg = Debug|Any CPU
		{03770BD1-4BD7-42B3-80ED-D50F617D1879}.Debug|Any CPU.Build.0 = Debug|Any CPU
		{03770BD1-4BD7-42B3-80ED-D50F617D1879}.Release|Any CPU.ActiveCfg = Release|Any CPU
		{03770BD1-4BD7-42B3-80ED-D50F617D1879}.Release|Any CPU.Build.0 = Release|Any CPU
		{77F94BF6-4A6F-4A5C-956E-1EA46F90B2D8}.Debug|Any CPU.ActiveCfg = Debug|Any CPU
		{77F94BF6-4A6F-4A5C-956E-1EA46F90B2D8}.Debug|Any CPU.Build.0 = Debug|Any CPU
		{77F94BF6-4A6F-4A5C-956E-1EA46F90B2D8}.Release|Any CPU.ActiveCfg = Release|Any CPU
		{77F94BF6-4A6F-4A5C-956E-1EA46F90B2D8}.Release|Any CPU.Build.0 = Release|Any CPU
		{4E8610F8-731F-468D-9B29-845F5221E6F5}.Debug|Any CPU.ActiveCfg = Debug|Any CPU
		{4E8610F8-731F-468D-9B29-845F5221E6F5}.Debug|Any CPU.Build.0 = Debug|Any CPU
		{4E8610F8-731F-468D-9B29-845F5221E6F5}.Release|Any CPU.ActiveCfg = Release|Any CPU
		{4E8610F8-731F-468D-9B29-845F5221E6F5}.Release|Any CPU.Build.0 = Release|Any CPU
		{31DF09C0-340C-45FB-92EC-A7442D57E358}.Debug|Any CPU.ActiveCfg = Debug|Any CPU
		{31DF09C0-340C-45FB-92EC-A7442D57E358}.Debug|Any CPU.Build.0 = Debug|Any CPU
		{31DF09C0-340C-45FB-92EC-A7442D57E358}.Release|Any CPU.ActiveCfg = Release|Any CPU
		{31DF09C0-340C-45FB-92EC-A7442D57E358}.Release|Any CPU.Build.0 = Release|Any CPU
		{3D982F7A-B937-430B-A8C0-352139057A58}.Debug|Any CPU.ActiveCfg = Debug|Any CPU
		{3D982F7A-B937-430B-A8C0-352139057A58}.Debug|Any CPU.Build.0 = Debug|Any CPU
		{3D982F7A-B937-430B-A8C0-352139057A58}.Release|Any CPU.ActiveCfg = Release|Any CPU
		{3D982F7A-B937-430B-A8C0-352139057A58}.Release|Any CPU.Build.0 = Release|Any CPU
	EndGlobalSection
	GlobalSection(SolutionProperties) = preSolution
		HideSolutionNode = FALSE
	EndGlobalSection
	GlobalSection(NestedProjects) = preSolution
		{D324CF19-A3CB-446A-B1E5-BCFC7E51CE9B} = {11891025-7D3B-48DA-90E2-3A37C3B170BA}
		{CB1C085A-85FE-4C93-88FF-0C4CBD5CEFED} = {11891025-7D3B-48DA-90E2-3A37C3B170BA}
		{39326BC8-3667-4449-92AA-E0982FEF3E78} = {11891025-7D3B-48DA-90E2-3A37C3B170BA}
		{DF274415-BE2E-4665-83D9-B6F975C8E45A} = {11891025-7D3B-48DA-90E2-3A37C3B170BA}
		{568CF636-40B8-48F1-BCC5-856829557A5C} = {D324CF19-A3CB-446A-B1E5-BCFC7E51CE9B}
		{87A9A8F0-CBB9-479D-894F-B9B94D6ED503} = {568CF636-40B8-48F1-BCC5-856829557A5C}
		{78937F1C-0EDC-42DE-AE00-0C9B66E9C8BF} = {CB1C085A-85FE-4C93-88FF-0C4CBD5CEFED}
		{196990AF-1B1D-4299-8459-F384C10DDC23} = {78937F1C-0EDC-42DE-AE00-0C9B66E9C8BF}
		{9221253C-2984-44D2-B3AF-DBAFBC77EFB0} = {78937F1C-0EDC-42DE-AE00-0C9B66E9C8BF}
		{A2825A0F-D94C-41DE-8BFD-55618AD98EA0} = {78937F1C-0EDC-42DE-AE00-0C9B66E9C8BF}
		{C0EFE6A6-FD1E-435C-9941-0C87B34837D7} = {78937F1C-0EDC-42DE-AE00-0C9B66E9C8BF}
		{EB48ADB0-A46D-40AC-9DB0-BAAE6A3D6B61} = {DF274415-BE2E-4665-83D9-B6F975C8E45A}
		{8862E83C-D23C-4FC8-8656-F02F671987B2} = {EB48ADB0-A46D-40AC-9DB0-BAAE6A3D6B61}
		{B99A65DE-822E-4DAB-983A-38FB981AD3BC} = {39326BC8-3667-4449-92AA-E0982FEF3E78}
		{9A44A1A3-A475-4294-81B6-A003B8E5911B} = {B99A65DE-822E-4DAB-983A-38FB981AD3BC}
		{44467001-2CA6-4DAB-88F8-DA5F066E8CE0} = {39326BC8-3667-4449-92AA-E0982FEF3E78}
		{2A651A68-91C9-4E09-85C3-1B25D7AFFE4D} = {44467001-2CA6-4DAB-88F8-DA5F066E8CE0}
		{EFAED9FC-81E2-40A6-BC83-EFD9893FD07B} = {39326BC8-3667-4449-92AA-E0982FEF3E78}
		{0421A660-65E1-4BF5-AE6C-20841D013A5D} = {EFAED9FC-81E2-40A6-BC83-EFD9893FD07B}
		{5C153B21-F51D-487F-95FC-C18DC50CC426} = {39326BC8-3667-4449-92AA-E0982FEF3E78}
		{8747767F-E629-4831-B1E9-515071F40BE0} = {5C153B21-F51D-487F-95FC-C18DC50CC426}
		{4DF7D4B3-AA60-4C85-AFF6-F4BDBCDD489D} = {39326BC8-3667-4449-92AA-E0982FEF3E78}
		{E4913554-57AD-4328-990F-79CEF8AEC8A5} = {4DF7D4B3-AA60-4C85-AFF6-F4BDBCDD489D}
		{5A505C58-8868-4E6C-8416-F75AC163FCA1} = {4DF7D4B3-AA60-4C85-AFF6-F4BDBCDD489D}
		{03770BD1-4BD7-42B3-80ED-D50F617D1879} = {4DF7D4B3-AA60-4C85-AFF6-F4BDBCDD489D}
		{77F94BF6-4A6F-4A5C-956E-1EA46F90B2D8} = {4DF7D4B3-AA60-4C85-AFF6-F4BDBCDD489D}
		{AB3DC6AB-D5FE-4641-8932-E62DFA7F253B} = {39326BC8-3667-4449-92AA-E0982FEF3E78}
		{4E8610F8-731F-468D-9B29-845F5221E6F5} = {AB3DC6AB-D5FE-4641-8932-E62DFA7F253B}
		{E2038214-C594-4D07-9C86-23DC432F5C7C} = {EEF2CBED-35B8-45D0-A024-70A6727E20C6}
		{31DF09C0-340C-45FB-92EC-A7442D57E358} = {E2038214-C594-4D07-9C86-23DC432F5C7C}
	EndGlobalSection
	GlobalSection(ExtensibilityGlobals) = postSolution
		SolutionGuid = {814533B0-DA08-42F3-AE11-DAA0E472F939}
	EndGlobalSection
EndGlobal
